// !$*UTF8*$!
{
	archiveVersion = 1;
	classes = {
	};
	objectVersion = 51;
	objects = {

/* Begin PBXBuildFile section */
		57114B7E89C7013346E796BE /* Pods_Parstagram.framework in Frameworks */ = {isa = PBXBuildFile; fileRef = 151487691B5AAE7EC9A0A392 /* Pods_Parstagram.framework */; };
		E0121AEC5AF0EC1EE22FAFE0 /* Pods_ParstagramTests.framework in Frameworks */ = {isa = PBXBuildFile; fileRef = 8E9E46400DF53023EB1AE20C /* Pods_ParstagramTests.framework */; };
		EA2C84A02717D57D006F795E /* CommentsTableViewCell.swift in Sources */ = {isa = PBXBuildFile; fileRef = EA2C849F2717D57D006F795E /* CommentsTableViewCell.swift */; };
		EA2D2E14270C325200083EFA /* AppDelegate.swift in Sources */ = {isa = PBXBuildFile; fileRef = EA2D2E13270C325200083EFA /* AppDelegate.swift */; };
		EA2D2E16270C325200083EFA /* SceneDelegate.swift in Sources */ = {isa = PBXBuildFile; fileRef = EA2D2E15270C325200083EFA /* SceneDelegate.swift */; };
		EA2D2E18270C325200083EFA /* ViewController.swift in Sources */ = {isa = PBXBuildFile; fileRef = EA2D2E17270C325200083EFA /* ViewController.swift */; };
		EA2D2E1B270C325200083EFA /* Main.storyboard in Resources */ = {isa = PBXBuildFile; fileRef = EA2D2E19270C325200083EFA /* Main.storyboard */; };
		EA2D2E1D270C325500083EFA /* Assets.xcassets in Resources */ = {isa = PBXBuildFile; fileRef = EA2D2E1C270C325500083EFA /* Assets.xcassets */; };
		EA2D2E20270C325500083EFA /* LaunchScreen.storyboard in Resources */ = {isa = PBXBuildFile; fileRef = EA2D2E1E270C325500083EFA /* LaunchScreen.storyboard */; };
		EA2D2E2B270C325500083EFA /* ParstagramTests.swift in Sources */ = {isa = PBXBuildFile; fileRef = EA2D2E2A270C325500083EFA /* ParstagramTests.swift */; };
		EA2D2E36270C325500083EFA /* ParstagramUITests.swift in Sources */ = {isa = PBXBuildFile; fileRef = EA2D2E35270C325500083EFA /* ParstagramUITests.swift */; };
		EA2D2E44270D6E5200083EFA /* LoginViewController.swift in Sources */ = {isa = PBXBuildFile; fileRef = EA2D2E43270D6E5200083EFA /* LoginViewController.swift */; };
		EA2D2E46270D6EAF00083EFA /* FeedViewController.swift in Sources */ = {isa = PBXBuildFile; fileRef = EA2D2E45270D6EAF00083EFA /* FeedViewController.swift */; };
		EA2D2E48270D7D8800083EFA /* CameraViewController.swift in Sources */ = {isa = PBXBuildFile; fileRef = EA2D2E47270D7D8800083EFA /* CameraViewController.swift */; };
		EA2D2E4A270DACB200083EFA /* PostCell.swift in Sources */ = {isa = PBXBuildFile; fileRef = EA2D2E49270DACB200083EFA /* PostCell.swift */; };
		EAD7759B270E8B1A008E8651 /* ReadMe.md in Resources */ = {isa = PBXBuildFile; fileRef = EAD7759A270E8B18008E8651 /* ReadMe.md */; };
		F3AB58C565978E8B0E6DEB74 /* Pods_Parstagram_ParstagramUITests.framework in Frameworks */ = {isa = PBXBuildFile; fileRef = 6CFEE32A8836C4B111D4DDED /* Pods_Parstagram_ParstagramUITests.framework */; };
/* End PBXBuildFile section */

/* Begin PBXContainerItemProxy section */
		EA2D2E27270C325500083EFA /* PBXContainerItemProxy */ = {
			isa = PBXContainerItemProxy;
			containerPortal = EA2D2E08270C325200083EFA /* Project object */;
			proxyType = 1;
			remoteGlobalIDString = EA2D2E0F270C325200083EFA;
			remoteInfo = Parstagram;
		};
		EA2D2E32270C325500083EFA /* PBXContainerItemProxy */ = {
			isa = PBXContainerItemProxy;
			containerPortal = EA2D2E08270C325200083EFA /* Project object */;
			proxyType = 1;
			remoteGlobalIDString = EA2D2E0F270C325200083EFA;
			remoteInfo = Parstagram;
		};
/* End PBXContainerItemProxy section */

/* Begin PBXFileReference section */
		0A7CE734B2702D79BAC9DFA2 /* Pods-Parstagram-ParstagramUITests.debug.xcconfig */ = {isa = PBXFileReference; includeInIndex = 1; lastKnownFileType = text.xcconfig; name = "Pods-Parstagram-ParstagramUITests.debug.xcconfig"; path = "Target Support Files/Pods-Parstagram-ParstagramUITests/Pods-Parstagram-ParstagramUITests.debug.xcconfig"; sourceTree = "<group>"; };
		151487691B5AAE7EC9A0A392 /* Pods_Parstagram.framework */ = {isa = PBXFileReference; explicitFileType = wrapper.framework; includeInIndex = 0; path = Pods_Parstagram.framework; sourceTree = BUILT_PRODUCTS_DIR; };
		2EA12A3649CA3CD429B8FF4C /* Pods-Parstagram.release.xcconfig */ = {isa = PBXFileReference; includeInIndex = 1; lastKnownFileType = text.xcconfig; name = "Pods-Parstagram.release.xcconfig"; path = "Target Support Files/Pods-Parstagram/Pods-Parstagram.release.xcconfig"; sourceTree = "<group>"; };
		5FF5A65B8D6181B98B267A4D /* Pods-Parstagram-ParstagramUITests.release.xcconfig */ = {isa = PBXFileReference; includeInIndex = 1; lastKnownFileType = text.xcconfig; name = "Pods-Parstagram-ParstagramUITests.release.xcconfig"; path = "Target Support Files/Pods-Parstagram-ParstagramUITests/Pods-Parstagram-ParstagramUITests.release.xcconfig"; sourceTree = "<group>"; };
		6CFEE32A8836C4B111D4DDED /* Pods_Parstagram_ParstagramUITests.framework */ = {isa = PBXFileReference; explicitFileType = wrapper.framework; includeInIndex = 0; path = Pods_Parstagram_ParstagramUITests.framework; sourceTree = BUILT_PRODUCTS_DIR; };
		8E9E46400DF53023EB1AE20C /* Pods_ParstagramTests.framework */ = {isa = PBXFileReference; explicitFileType = wrapper.framework; includeInIndex = 0; path = Pods_ParstagramTests.framework; sourceTree = BUILT_PRODUCTS_DIR; };
		913AA09E761608E8A682D5BD /* Pods-ParstagramTests.release.xcconfig */ = {isa = PBXFileReference; includeInIndex = 1; lastKnownFileType = text.xcconfig; name = "Pods-ParstagramTests.release.xcconfig"; path = "Target Support Files/Pods-ParstagramTests/Pods-ParstagramTests.release.xcconfig"; sourceTree = "<group>"; };
		B075C010A7B7D227A98FC4E5 /* Pods-Parstagram.debug.xcconfig */ = {isa = PBXFileReference; includeInIndex = 1; lastKnownFileType = text.xcconfig; name = "Pods-Parstagram.debug.xcconfig"; path = "Target Support Files/Pods-Parstagram/Pods-Parstagram.debug.xcconfig"; sourceTree = "<group>"; };
		DF40F065F795CB9D94B101DD /* Pods-ParstagramTests.debug.xcconfig */ = {isa = PBXFileReference; includeInIndex = 1; lastKnownFileType = text.xcconfig; name = "Pods-ParstagramTests.debug.xcconfig"; path = "Target Support Files/Pods-ParstagramTests/Pods-ParstagramTests.debug.xcconfig"; sourceTree = "<group>"; };
		EA2C849F2717D57D006F795E /* CommentsTableViewCell.swift */ = {isa = PBXFileReference; lastKnownFileType = sourcecode.swift; path = CommentsTableViewCell.swift; sourceTree = "<group>"; };
		EA2D2E10270C325200083EFA /* Parstagram.app */ = {isa = PBXFileReference; explicitFileType = wrapper.application; includeInIndex = 0; path = Parstagram.app; sourceTree = BUILT_PRODUCTS_DIR; };
		EA2D2E13270C325200083EFA /* AppDelegate.swift */ = {isa = PBXFileReference; lastKnownFileType = sourcecode.swift; path = AppDelegate.swift; sourceTree = "<group>"; };
		EA2D2E15270C325200083EFA /* SceneDelegate.swift */ = {isa = PBXFileReference; lastKnownFileType = sourcecode.swift; path = SceneDelegate.swift; sourceTree = "<group>"; };
		EA2D2E17270C325200083EFA /* ViewController.swift */ = {isa = PBXFileReference; lastKnownFileType = sourcecode.swift; path = ViewController.swift; sourceTree = "<group>"; };
		EA2D2E1A270C325200083EFA /* Base */ = {isa = PBXFileReference; lastKnownFileType = file.storyboard; name = Base; path = Base.lproj/Main.storyboard; sourceTree = "<group>"; };
		EA2D2E1C270C325500083EFA /* Assets.xcassets */ = {isa = PBXFileReference; lastKnownFileType = folder.assetcatalog; path = Assets.xcassets; sourceTree = "<group>"; };
		EA2D2E1F270C325500083EFA /* Base */ = {isa = PBXFileReference; lastKnownFileType = file.storyboard; name = Base; path = Base.lproj/LaunchScreen.storyboard; sourceTree = "<group>"; };
		EA2D2E21270C325500083EFA /* Info.plist */ = {isa = PBXFileReference; lastKnownFileType = text.plist.xml; path = Info.plist; sourceTree = "<group>"; };
		EA2D2E26270C325500083EFA /* ParstagramTests.xctest */ = {isa = PBXFileReference; explicitFileType = wrapper.cfbundle; includeInIndex = 0; path = ParstagramTests.xctest; sourceTree = BUILT_PRODUCTS_DIR; };
		EA2D2E2A270C325500083EFA /* ParstagramTests.swift */ = {isa = PBXFileReference; lastKnownFileType = sourcecode.swift; path = ParstagramTests.swift; sourceTree = "<group>"; };
		EA2D2E2C270C325500083EFA /* Info.plist */ = {isa = PBXFileReference; lastKnownFileType = text.plist.xml; path = Info.plist; sourceTree = "<group>"; };
		EA2D2E31270C325500083EFA /* ParstagramUITests.xctest */ = {isa = PBXFileReference; explicitFileType = wrapper.cfbundle; includeInIndex = 0; path = ParstagramUITests.xctest; sourceTree = BUILT_PRODUCTS_DIR; };
		EA2D2E35270C325500083EFA /* ParstagramUITests.swift */ = {isa = PBXFileReference; lastKnownFileType = sourcecode.swift; path = ParstagramUITests.swift; sourceTree = "<group>"; };
		EA2D2E37270C325500083EFA /* Info.plist */ = {isa = PBXFileReference; lastKnownFileType = text.plist.xml; path = Info.plist; sourceTree = "<group>"; };
		EA2D2E43270D6E5200083EFA /* LoginViewController.swift */ = {isa = PBXFileReference; lastKnownFileType = sourcecode.swift; path = LoginViewController.swift; sourceTree = "<group>"; };
		EA2D2E45270D6EAF00083EFA /* FeedViewController.swift */ = {isa = PBXFileReference; lastKnownFileType = sourcecode.swift; path = FeedViewController.swift; sourceTree = "<group>"; };
		EA2D2E47270D7D8800083EFA /* CameraViewController.swift */ = {isa = PBXFileReference; lastKnownFileType = sourcecode.swift; path = CameraViewController.swift; sourceTree = "<group>"; };
		EA2D2E49270DACB200083EFA /* PostCell.swift */ = {isa = PBXFileReference; lastKnownFileType = sourcecode.swift; path = PostCell.swift; sourceTree = "<group>"; };
		EAD7759A270E8B18008E8651 /* ReadMe.md */ = {isa = PBXFileReference; fileEncoding = 4; lastKnownFileType = net.daringfireball.markdown; path = ReadMe.md; sourceTree = "<group>"; };
/* End PBXFileReference section */

/* Begin PBXFrameworksBuildPhase section */
		EA2D2E0D270C325200083EFA /* Frameworks */ = {
			isa = PBXFrameworksBuildPhase;
			buildActionMask = 2147483647;
			files = (
				57114B7E89C7013346E796BE /* Pods_Parstagram.framework in Frameworks */,
			);
			runOnlyForDeploymentPostprocessing = 0;
		};
		EA2D2E23270C325500083EFA /* Frameworks */ = {
			isa = PBXFrameworksBuildPhase;
			buildActionMask = 2147483647;
			files = (
				E0121AEC5AF0EC1EE22FAFE0 /* Pods_ParstagramTests.framework in Frameworks */,
			);
			runOnlyForDeploymentPostprocessing = 0;
		};
		EA2D2E2E270C325500083EFA /* Frameworks */ = {
			isa = PBXFrameworksBuildPhase;
			buildActionMask = 2147483647;
			files = (
				F3AB58C565978E8B0E6DEB74 /* Pods_Parstagram_ParstagramUITests.framework in Frameworks */,
			);
			runOnlyForDeploymentPostprocessing = 0;
		};
/* End PBXFrameworksBuildPhase section */

/* Begin PBXGroup section */
		1097E499441EBE7EF3CD2823 /* Pods */ = {
			isa = PBXGroup;
			children = (
				B075C010A7B7D227A98FC4E5 /* Pods-Parstagram.debug.xcconfig */,
				2EA12A3649CA3CD429B8FF4C /* Pods-Parstagram.release.xcconfig */,
				0A7CE734B2702D79BAC9DFA2 /* Pods-Parstagram-ParstagramUITests.debug.xcconfig */,
				5FF5A65B8D6181B98B267A4D /* Pods-Parstagram-ParstagramUITests.release.xcconfig */,
				DF40F065F795CB9D94B101DD /* Pods-ParstagramTests.debug.xcconfig */,
				913AA09E761608E8A682D5BD /* Pods-ParstagramTests.release.xcconfig */,
			);
			path = Pods;
			sourceTree = "<group>";
		};
		24F11C554BD51B8BD262D3A1 /* Frameworks */ = {
			isa = PBXGroup;
			children = (
				151487691B5AAE7EC9A0A392 /* Pods_Parstagram.framework */,
				6CFEE32A8836C4B111D4DDED /* Pods_Parstagram_ParstagramUITests.framework */,
				8E9E46400DF53023EB1AE20C /* Pods_ParstagramTests.framework */,
			);
			name = Frameworks;
			sourceTree = "<group>";
		};
		EA2D2E07270C325200083EFA = {
			isa = PBXGroup;
			children = (
				EA2D2E12270C325200083EFA /* Parstagram */,
				EA2D2E29270C325500083EFA /* ParstagramTests */,
				EA2D2E34270C325500083EFA /* ParstagramUITests */,
				EA2D2E11270C325200083EFA /* Products */,
				1097E499441EBE7EF3CD2823 /* Pods */,
				24F11C554BD51B8BD262D3A1 /* Frameworks */,
			);
			sourceTree = "<group>";
		};
		EA2D2E11270C325200083EFA /* Products */ = {
			isa = PBXGroup;
			children = (
				EA2D2E10270C325200083EFA /* Parstagram.app */,
				EA2D2E26270C325500083EFA /* ParstagramTests.xctest */,
				EA2D2E31270C325500083EFA /* ParstagramUITests.xctest */,
			);
			name = Products;
			sourceTree = "<group>";
		};
		EA2D2E12270C325200083EFA /* Parstagram */ = {
			isa = PBXGroup;
			children = (
				EA2D2E13270C325200083EFA /* AppDelegate.swift */,
				EA2D2E15270C325200083EFA /* SceneDelegate.swift */,
				EA2D2E17270C325200083EFA /* ViewController.swift */,
				EAD7759A270E8B18008E8651 /* ReadMe.md */,
				EA2D2E19270C325200083EFA /* Main.storyboard */,
				EA2D2E1C270C325500083EFA /* Assets.xcassets */,
				EA2D2E1E270C325500083EFA /* LaunchScreen.storyboard */,
				EA2D2E21270C325500083EFA /* Info.plist */,
				EA2D2E43270D6E5200083EFA /* LoginViewController.swift */,
				EA2D2E45270D6EAF00083EFA /* FeedViewController.swift */,
				EA2D2E47270D7D8800083EFA /* CameraViewController.swift */,
				EA2D2E49270DACB200083EFA /* PostCell.swift */,
				EA2C849F2717D57D006F795E /* CommentsTableViewCell.swift */,
			);
			path = Parstagram;
			sourceTree = "<group>";
		};
		EA2D2E29270C325500083EFA /* ParstagramTests */ = {
			isa = PBXGroup;
			children = (
				EA2D2E2A270C325500083EFA /* ParstagramTests.swift */,
				EA2D2E2C270C325500083EFA /* Info.plist */,
			);
			path = ParstagramTests;
			sourceTree = "<group>";
		};
		EA2D2E34270C325500083EFA /* ParstagramUITests */ = {
			isa = PBXGroup;
			children = (
				EA2D2E35270C325500083EFA /* ParstagramUITests.swift */,
				EA2D2E37270C325500083EFA /* Info.plist */,
			);
			path = ParstagramUITests;
			sourceTree = "<group>";
		};
/* End PBXGroup section */

/* Begin PBXNativeTarget section */
		EA2D2E0F270C325200083EFA /* Parstagram */ = {
			isa = PBXNativeTarget;
			buildConfigurationList = EA2D2E3A270C325500083EFA /* Build configuration list for PBXNativeTarget "Parstagram" */;
			buildPhases = (
				A6B820A81A449AD7D3BBC5E3 /* [CP] Check Pods Manifest.lock */,
				EA2D2E0C270C325200083EFA /* Sources */,
				EA2D2E0D270C325200083EFA /* Frameworks */,
				EA2D2E0E270C325200083EFA /* Resources */,
				7D0D081315BB4EEE78C94E4B /* [CP] Embed Pods Frameworks */,
			);
			buildRules = (
			);
			dependencies = (
			);
			name = Parstagram;
			productName = Parstagram;
			productReference = EA2D2E10270C325200083EFA /* Parstagram.app */;
			productType = "com.apple.product-type.application";
		};
		EA2D2E25270C325500083EFA /* ParstagramTests */ = {
			isa = PBXNativeTarget;
			buildConfigurationList = EA2D2E3D270C325500083EFA /* Build configuration list for PBXNativeTarget "ParstagramTests" */;
			buildPhases = (
				20DEDBE45BA210CC2445B60E /* [CP] Check Pods Manifest.lock */,
				EA2D2E22270C325500083EFA /* Sources */,
				EA2D2E23270C325500083EFA /* Frameworks */,
				EA2D2E24270C325500083EFA /* Resources */,
			);
			buildRules = (
			);
			dependencies = (
				EA2D2E28270C325500083EFA /* PBXTargetDependency */,
			);
			name = ParstagramTests;
			productName = ParstagramTests;
			productReference = EA2D2E26270C325500083EFA /* ParstagramTests.xctest */;
			productType = "com.apple.product-type.bundle.unit-test";
		};
		EA2D2E30270C325500083EFA /* ParstagramUITests */ = {
			isa = PBXNativeTarget;
			buildConfigurationList = EA2D2E40270C325500083EFA /* Build configuration list for PBXNativeTarget "ParstagramUITests" */;
			buildPhases = (
				89C1EFB540ED3D2EA258E315 /* [CP] Check Pods Manifest.lock */,
				EA2D2E2D270C325500083EFA /* Sources */,
				EA2D2E2E270C325500083EFA /* Frameworks */,
				EA2D2E2F270C325500083EFA /* Resources */,
				DD4ACD73571A1FF49AF7E586 /* [CP] Embed Pods Frameworks */,
			);
			buildRules = (
			);
			dependencies = (
				EA2D2E33270C325500083EFA /* PBXTargetDependency */,
			);
			name = ParstagramUITests;
			productName = ParstagramUITests;
			productReference = EA2D2E31270C325500083EFA /* ParstagramUITests.xctest */;
			productType = "com.apple.product-type.bundle.ui-testing";
		};
/* End PBXNativeTarget section */

/* Begin PBXProject section */
		EA2D2E08270C325200083EFA /* Project object */ = {
			isa = PBXProject;
			attributes = {
				LastSwiftUpdateCheck = 1250;
				LastUpgradeCheck = 1250;
				TargetAttributes = {
					EA2D2E0F270C325200083EFA = {
						CreatedOnToolsVersion = 12.5.1;
					};
					EA2D2E25270C325500083EFA = {
						CreatedOnToolsVersion = 12.5.1;
						TestTargetID = EA2D2E0F270C325200083EFA;
					};
					EA2D2E30270C325500083EFA = {
						CreatedOnToolsVersion = 12.5.1;
						TestTargetID = EA2D2E0F270C325200083EFA;
					};
				};
			};
			buildConfigurationList = EA2D2E0B270C325200083EFA /* Build configuration list for PBXProject "Parstagram" */;
			compatibilityVersion = "Xcode 9.3";
			developmentRegion = en;
			hasScannedForEncodings = 0;
			knownRegions = (
				en,
				Base,
			);
			mainGroup = EA2D2E07270C325200083EFA;
			productRefGroup = EA2D2E11270C325200083EFA /* Products */;
			projectDirPath = "";
			projectRoot = "";
			targets = (
				EA2D2E0F270C325200083EFA /* Parstagram */,
				EA2D2E25270C325500083EFA /* ParstagramTests */,
				EA2D2E30270C325500083EFA /* ParstagramUITests */,
			);
		};
/* End PBXProject section */

/* Begin PBXResourcesBuildPhase section */
		EA2D2E0E270C325200083EFA /* Resources */ = {
			isa = PBXResourcesBuildPhase;
			buildActionMask = 2147483647;
			files = (
				EA2D2E20270C325500083EFA /* LaunchScreen.storyboard in Resources */,
				EA2D2E1D270C325500083EFA /* Assets.xcassets in Resources */,
				EAD7759B270E8B1A008E8651 /* ReadMe.md in Resources */,
				EA2D2E1B270C325200083EFA /* Main.storyboard in Resources */,
			);
			runOnlyForDeploymentPostprocessing = 0;
		};
		EA2D2E24270C325500083EFA /* Resources */ = {
			isa = PBXResourcesBuildPhase;
			buildActionMask = 2147483647;
			files = (
			);
			runOnlyForDeploymentPostprocessing = 0;
		};
		EA2D2E2F270C325500083EFA /* Resources */ = {
			isa = PBXResourcesBuildPhase;
			buildActionMask = 2147483647;
			files = (
			);
			runOnlyForDeploymentPostprocessing = 0;
		};
/* End PBXResourcesBuildPhase section */

/* Begin PBXShellScriptBuildPhase section */
		20DEDBE45BA210CC2445B60E /* [CP] Check Pods Manifest.lock */ = {
			isa = PBXShellScriptBuildPhase;
			buildActionMask = 2147483647;
			files = (
			);
			inputFileListPaths = (
			);
			inputPaths = (
				"${PODS_PODFILE_DIR_PATH}/Podfile.lock",
				"${PODS_ROOT}/Manifest.lock",
			);
			name = "[CP] Check Pods Manifest.lock";
			outputFileListPaths = (
			);
			outputPaths = (
				"$(DERIVED_FILE_DIR)/Pods-ParstagramTests-checkManifestLockResult.txt",
			);
			runOnlyForDeploymentPostprocessing = 0;
			shellPath = /bin/sh;
			shellScript = "diff \"${PODS_PODFILE_DIR_PATH}/Podfile.lock\" \"${PODS_ROOT}/Manifest.lock\" > /dev/null\nif [ $? != 0 ] ; then\n    # print error to STDERR\n    echo \"error: The sandbox is not in sync with the Podfile.lock. Run 'pod install' or update your CocoaPods installation.\" >&2\n    exit 1\nfi\n# This output is used by Xcode 'outputs' to avoid re-running this script phase.\necho \"SUCCESS\" > \"${SCRIPT_OUTPUT_FILE_0}\"\n";
			showEnvVarsInLog = 0;
		};
		7D0D081315BB4EEE78C94E4B /* [CP] Embed Pods Frameworks */ = {
			isa = PBXShellScriptBuildPhase;
			buildActionMask = 2147483647;
			files = (
			);
			inputFileListPaths = (
				"${PODS_ROOT}/Target Support Files/Pods-Parstagram/Pods-Parstagram-frameworks-${CONFIGURATION}-input-files.xcfilelist",
			);
			name = "[CP] Embed Pods Frameworks";
			outputFileListPaths = (
				"${PODS_ROOT}/Target Support Files/Pods-Parstagram/Pods-Parstagram-frameworks-${CONFIGURATION}-output-files.xcfilelist",
			);
			runOnlyForDeploymentPostprocessing = 0;
			shellPath = /bin/sh;
			shellScript = "\"${PODS_ROOT}/Target Support Files/Pods-Parstagram/Pods-Parstagram-frameworks.sh\"\n";
			showEnvVarsInLog = 0;
		};
		89C1EFB540ED3D2EA258E315 /* [CP] Check Pods Manifest.lock */ = {
			isa = PBXShellScriptBuildPhase;
			buildActionMask = 2147483647;
			files = (
			);
			inputFileListPaths = (
			);
			inputPaths = (
				"${PODS_PODFILE_DIR_PATH}/Podfile.lock",
				"${PODS_ROOT}/Manifest.lock",
			);
			name = "[CP] Check Pods Manifest.lock";
			outputFileListPaths = (
			);
			outputPaths = (
				"$(DERIVED_FILE_DIR)/Pods-Parstagram-ParstagramUITests-checkManifestLockResult.txt",
			);
			runOnlyForDeploymentPostprocessing = 0;
			shellPath = /bin/sh;
			shellScript = "diff \"${PODS_PODFILE_DIR_PATH}/Podfile.lock\" \"${PODS_ROOT}/Manifest.lock\" > /dev/null\nif [ $? != 0 ] ; then\n    # print error to STDERR\n    echo \"error: The sandbox is not in sync with the Podfile.lock. Run 'pod install' or update your CocoaPods installation.\" >&2\n    exit 1\nfi\n# This output is used by Xcode 'outputs' to avoid re-running this script phase.\necho \"SUCCESS\" > \"${SCRIPT_OUTPUT_FILE_0}\"\n";
			showEnvVarsInLog = 0;
		};
		A6B820A81A449AD7D3BBC5E3 /* [CP] Check Pods Manifest.lock */ = {
			isa = PBXShellScriptBuildPhase;
			buildActionMask = 2147483647;
			files = (
			);
			inputFileListPaths = (
			);
			inputPaths = (
				"${PODS_PODFILE_DIR_PATH}/Podfile.lock",
				"${PODS_ROOT}/Manifest.lock",
			);
			name = "[CP] Check Pods Manifest.lock";
			outputFileListPaths = (
			);
			outputPaths = (
				"$(DERIVED_FILE_DIR)/Pods-Parstagram-checkManifestLockResult.txt",
			);
			runOnlyForDeploymentPostprocessing = 0;
			shellPath = /bin/sh;
			shellScript = "diff \"${PODS_PODFILE_DIR_PATH}/Podfile.lock\" \"${PODS_ROOT}/Manifest.lock\" > /dev/null\nif [ $? != 0 ] ; then\n    # print error to STDERR\n    echo \"error: The sandbox is not in sync with the Podfile.lock. Run 'pod install' or update your CocoaPods installation.\" >&2\n    exit 1\nfi\n# This output is used by Xcode 'outputs' to avoid re-running this script phase.\necho \"SUCCESS\" > \"${SCRIPT_OUTPUT_FILE_0}\"\n";
			showEnvVarsInLog = 0;
		};
		DD4ACD73571A1FF49AF7E586 /* [CP] Embed Pods Frameworks */ = {
			isa = PBXShellScriptBuildPhase;
			buildActionMask = 2147483647;
			files = (
			);
			inputFileListPaths = (
				"${PODS_ROOT}/Target Support Files/Pods-Parstagram-ParstagramUITests/Pods-Parstagram-ParstagramUITests-frameworks-${CONFIGURATION}-input-files.xcfilelist",
			);
			name = "[CP] Embed Pods Frameworks";
			outputFileListPaths = (
				"${PODS_ROOT}/Target Support Files/Pods-Parstagram-ParstagramUITests/Pods-Parstagram-ParstagramUITests-frameworks-${CONFIGURATION}-output-files.xcfilelist",
			);
			runOnlyForDeploymentPostprocessing = 0;
			shellPath = /bin/sh;
			shellScript = "\"${PODS_ROOT}/Target Support Files/Pods-Parstagram-ParstagramUITests/Pods-Parstagram-ParstagramUITests-frameworks.sh\"\n";
			showEnvVarsInLog = 0;
		};
/* End PBXShellScriptBuildPhase section */

/* Begin PBXSourcesBuildPhase section */
		EA2D2E0C270C325200083EFA /* Sources */ = {
			isa = PBXSourcesBuildPhase;
			buildActionMask = 2147483647;
			files = (
				EA2D2E4A270DACB200083EFA /* PostCell.swift in Sources */,
				EA2D2E44270D6E5200083EFA /* LoginViewController.swift in Sources */,
				EA2D2E18270C325200083EFA /* ViewController.swift in Sources */,
				EA2D2E46270D6EAF00083EFA /* FeedViewController.swift in Sources */,
				EA2D2E14270C325200083EFA /* AppDelegate.swift in Sources */,
				EA2D2E16270C325200083EFA /* SceneDelegate.swift in Sources */,
				EA2D2E48270D7D8800083EFA /* CameraViewController.swift in Sources */,
				EA2C84A02717D57D006F795E /* CommentsTableViewCell.swift in Sources */,
			);
			runOnlyForDeploymentPostprocessing = 0;
		};
		EA2D2E22270C325500083EFA /* Sources */ = {
			isa = PBXSourcesBuildPhase;
			buildActionMask = 2147483647;
			files = (
				EA2D2E2B270C325500083EFA /* ParstagramTests.swift in Sources */,
			);
			runOnlyForDeploymentPostprocessing = 0;
		};
		EA2D2E2D270C325500083EFA /* Sources */ = {
			isa = PBXSourcesBuildPhase;
			buildActionMask = 2147483647;
			files = (
				EA2D2E36270C325500083EFA /* ParstagramUITests.swift in Sources */,
			);
			runOnlyForDeploymentPostprocessing = 0;
		};
/* End PBXSourcesBuildPhase section */

/* Begin PBXTargetDependency section */
		EA2D2E28270C325500083EFA /* PBXTargetDependency */ = {
			isa = PBXTargetDependency;
			target = EA2D2E0F270C325200083EFA /* Parstagram */;
			targetProxy = EA2D2E27270C325500083EFA /* PBXContainerItemProxy */;
		};
		EA2D2E33270C325500083EFA /* PBXTargetDependency */ = {
			isa = PBXTargetDependency;
			target = EA2D2E0F270C325200083EFA /* Parstagram */;
			targetProxy = EA2D2E32270C325500083EFA /* PBXContainerItemProxy */;
		};
/* End PBXTargetDependency section */

/* Begin PBXVariantGroup section */
		EA2D2E19270C325200083EFA /* Main.storyboard */ = {
			isa = PBXVariantGroup;
			children = (
				EA2D2E1A270C325200083EFA /* Base */,
			);
			name = Main.storyboard;
			sourceTree = "<group>";
		};
		EA2D2E1E270C325500083EFA /* LaunchScreen.storyboard */ = {
			isa = PBXVariantGroup;
			children = (
				EA2D2E1F270C325500083EFA /* Base */,
			);
			name = LaunchScreen.storyboard;
			sourceTree = "<group>";
		};
/* End PBXVariantGroup section */

/* Begin XCBuildConfiguration section */
		EA2D2E38270C325500083EFA /* Debug */ = {
			isa = XCBuildConfiguration;
			buildSettings = {
				ALWAYS_SEARCH_USER_PATHS = NO;
				CLANG_ANALYZER_NONNULL = YES;
				CLANG_ANALYZER_NUMBER_OBJECT_CONVERSION = YES_AGGRESSIVE;
				CLANG_CXX_LANGUAGE_STANDARD = "gnu++14";
				CLANG_CXX_LIBRARY = "libc++";
				CLANG_ENABLE_MODULES = YES;
				CLANG_ENABLE_OBJC_ARC = YES;
				CLANG_ENABLE_OBJC_WEAK = YES;
				CLANG_WARN_BLOCK_CAPTURE_AUTORELEASING = YES;
				CLANG_WARN_BOOL_CONVERSION = YES;
				CLANG_WARN_COMMA = YES;
				CLANG_WARN_CONSTANT_CONVERSION = YES;
				CLANG_WARN_DEPRECATED_OBJC_IMPLEMENTATIONS = YES;
				CLANG_WARN_DIRECT_OBJC_ISA_USAGE = YES_ERROR;
				CLANG_WARN_DOCUMENTATION_COMMENTS = YES;
				CLANG_WARN_EMPTY_BODY = YES;
				CLANG_WARN_ENUM_CONVERSION = YES;
				CLANG_WARN_INFINITE_RECURSION = YES;
				CLANG_WARN_INT_CONVERSION = YES;
				CLANG_WARN_NON_LITERAL_NULL_CONVERSION = YES;
				CLANG_WARN_OBJC_IMPLICIT_RETAIN_SELF = YES;
				CLANG_WARN_OBJC_LITERAL_CONVERSION = YES;
				CLANG_WARN_OBJC_ROOT_CLASS = YES_ERROR;
				CLANG_WARN_QUOTED_INCLUDE_IN_FRAMEWORK_HEADER = YES;
				CLANG_WARN_RANGE_LOOP_ANALYSIS = YES;
				CLANG_WARN_STRICT_PROTOTYPES = YES;
				CLANG_WARN_SUSPICIOUS_MOVE = YES;
				CLANG_WARN_UNGUARDED_AVAILABILITY = YES_AGGRESSIVE;
				CLANG_WARN_UNREACHABLE_CODE = YES;
				CLANG_WARN__DUPLICATE_METHOD_MATCH = YES;
				COPY_PHASE_STRIP = NO;
				DEBUG_INFORMATION_FORMAT = dwarf;
				ENABLE_STRICT_OBJC_MSGSEND = YES;
				ENABLE_TESTABILITY = YES;
				GCC_C_LANGUAGE_STANDARD = gnu11;
				GCC_DYNAMIC_NO_PIC = NO;
				GCC_NO_COMMON_BLOCKS = YES;
				GCC_OPTIMIZATION_LEVEL = 0;
				GCC_PREPROCESSOR_DEFINITIONS = (
					"DEBUG=1",
					"$(inherited)",
				);
				GCC_WARN_64_TO_32_BIT_CONVERSION = YES;
				GCC_WARN_ABOUT_RETURN_TYPE = YES_ERROR;
				GCC_WARN_UNDECLARED_SELECTOR = YES;
				GCC_WARN_UNINITIALIZED_AUTOS = YES_AGGRESSIVE;
				GCC_WARN_UNUSED_FUNCTION = YES;
				GCC_WARN_UNUSED_VARIABLE = YES;
				IPHONEOS_DEPLOYMENT_TARGET = 14.5;
				MTL_ENABLE_DEBUG_INFO = INCLUDE_SOURCE;
				MTL_FAST_MATH = YES;
				ONLY_ACTIVE_ARCH = YES;
				SDKROOT = iphoneos;
				SWIFT_ACTIVE_COMPILATION_CONDITIONS = DEBUG;
				SWIFT_OPTIMIZATION_LEVEL = "-Onone";
			};
			name = Debug;
		};
		EA2D2E39270C325500083EFA /* Release */ = {
			isa = XCBuildConfiguration;
			buildSettings = {
				ALWAYS_SEARCH_USER_PATHS = NO;
				CLANG_ANALYZER_NONNULL = YES;
				CLANG_ANALYZER_NUMBER_OBJECT_CONVERSION = YES_AGGRESSIVE;
				CLANG_CXX_LANGUAGE_STANDARD = "gnu++14";
				CLANG_CXX_LIBRARY = "libc++";
				CLANG_ENABLE_MODULES = YES;
				CLANG_ENABLE_OBJC_ARC = YES;
				CLANG_ENABLE_OBJC_WEAK = YES;
				CLANG_WARN_BLOCK_CAPTURE_AUTORELEASING = YES;
				CLANG_WARN_BOOL_CONVERSION = YES;
				CLANG_WARN_COMMA = YES;
				CLANG_WARN_CONSTANT_CONVERSION = YES;
				CLANG_WARN_DEPRECATED_OBJC_IMPLEMENTATIONS = YES;
				CLANG_WARN_DIRECT_OBJC_ISA_USAGE = YES_ERROR;
				CLANG_WARN_DOCUMENTATION_COMMENTS = YES;
				CLANG_WARN_EMPTY_BODY = YES;
				CLANG_WARN_ENUM_CONVERSION = YES;
				CLANG_WARN_INFINITE_RECURSION = YES;
				CLANG_WARN_INT_CONVERSION = YES;
				CLANG_WARN_NON_LITERAL_NULL_CONVERSION = YES;
				CLANG_WARN_OBJC_IMPLICIT_RETAIN_SELF = YES;
				CLANG_WARN_OBJC_LITERAL_CONVERSION = YES;
				CLANG_WARN_OBJC_ROOT_CLASS = YES_ERROR;
				CLANG_WARN_QUOTED_INCLUDE_IN_FRAMEWORK_HEADER = YES;
				CLANG_WARN_RANGE_LOOP_ANALYSIS = YES;
				CLANG_WARN_STRICT_PROTOTYPES = YES;
				CLANG_WARN_SUSPICIOUS_MOVE = YES;
				CLANG_WARN_UNGUARDED_AVAILABILITY = YES_AGGRESSIVE;
				CLANG_WARN_UNREACHABLE_CODE = YES;
				CLANG_WARN__DUPLICATE_METHOD_MATCH = YES;
				COPY_PHASE_STRIP = NO;
				DEBUG_INFORMATION_FORMAT = "dwarf-with-dsym";
				ENABLE_NS_ASSERTIONS = NO;
				ENABLE_STRICT_OBJC_MSGSEND = YES;
				GCC_C_LANGUAGE_STANDARD = gnu11;
				GCC_NO_COMMON_BLOCKS = YES;
				GCC_WARN_64_TO_32_BIT_CONVERSION = YES;
				GCC_WARN_ABOUT_RETURN_TYPE = YES_ERROR;
				GCC_WARN_UNDECLARED_SELECTOR = YES;
				GCC_WARN_UNINITIALIZED_AUTOS = YES_AGGRESSIVE;
				GCC_WARN_UNUSED_FUNCTION = YES;
				GCC_WARN_UNUSED_VARIABLE = YES;
				IPHONEOS_DEPLOYMENT_TARGET = 14.5;
				MTL_ENABLE_DEBUG_INFO = NO;
				MTL_FAST_MATH = YES;
				SDKROOT = iphoneos;
				SWIFT_COMPILATION_MODE = wholemodule;
				SWIFT_OPTIMIZATION_LEVEL = "-O";
				VALIDATE_PRODUCT = YES;
			};
			name = Release;
		};
		EA2D2E3B270C325500083EFA /* Debug */ = {
			isa = XCBuildConfiguration;
			baseConfigurationReference = B075C010A7B7D227A98FC4E5 /* Pods-Parstagram.debug.xcconfig */;
			buildSettings = {
				ASSETCATALOG_COMPILER_APPICON_NAME = AppIcon;
				ASSETCATALOG_COMPILER_GLOBAL_ACCENT_COLOR_NAME = AccentColor;
				CODE_SIGN_STYLE = Automatic;
				DEVELOPMENT_TEAM = DN7LD68ZY3;
				INFOPLIST_FILE = Parstagram/Info.plist;
				LD_RUNPATH_SEARCH_PATHS = (
					"$(inherited)",
					"@executable_path/Frameworks",
				);
				PRODUCT_BUNDLE_IDENTIFIER = chandana.Parstagram;
				PRODUCT_NAME = "$(TARGET_NAME)";
				SWIFT_VERSION = 5.0;
				TARGETED_DEVICE_FAMILY = "1,2";
			};
			name = Debug;
		};
		EA2D2E3C270C325500083EFA /* Release */ = {
			isa = XCBuildConfiguration;
			baseConfigurationReference = 2EA12A3649CA3CD429B8FF4C /* Pods-Parstagram.release.xcconfig */;
			buildSettings = {
				ASSETCATALOG_COMPILER_APPICON_NAME = AppIcon;
				ASSETCATALOG_COMPILER_GLOBAL_ACCENT_COLOR_NAME = AccentColor;
				CODE_SIGN_STYLE = Automatic;
				DEVELOPMENT_TEAM = DN7LD68ZY3;
				INFOPLIST_FILE = Parstagram/Info.plist;
				LD_RUNPATH_SEARCH_PATHS = (
					"$(inherited)",
					"@executable_path/Frameworks",
				);
				PRODUCT_BUNDLE_IDENTIFIER = chandana.Parstagram;
				PRODUCT_NAME = "$(TARGET_NAME)";
				SWIFT_VERSION = 5.0;
				TARGETED_DEVICE_FAMILY = "1,2";
			};
			name = Release;
		};
		EA2D2E3E270C325500083EFA /* Debug */ = {
			isa = XCBuildConfiguration;
			baseConfigurationReference = DF40F065F795CB9D94B101DD /* Pods-ParstagramTests.debug.xcconfig */;
			buildSettings = {
				ALWAYS_EMBED_SWIFT_STANDARD_LIBRARIES = YES;
				BUNDLE_LOADER = "$(TEST_HOST)";
				CODE_SIGN_STYLE = Automatic;
				DEVELOPMENT_TEAM = DN7LD68ZY3;
				INFOPLIST_FILE = ParstagramTests/Info.plist;
				IPHONEOS_DEPLOYMENT_TARGET = 14.5;
				LD_RUNPATH_SEARCH_PATHS = (
					"$(inherited)",
					"@executable_path/Frameworks",
					"@loader_path/Frameworks",
				);
				PRODUCT_BUNDLE_IDENTIFIER = chandana.ParstagramTests;
				PRODUCT_NAME = "$(TARGET_NAME)";
				SWIFT_VERSION = 5.0;
				TARGETED_DEVICE_FAMILY = "1,2";
				TEST_HOST = "$(BUILT_PRODUCTS_DIR)/Parstagram.app/Parstagram";
			};
			name = Debug;
		};
		EA2D2E3F270C325500083EFA /* Release */ = {
			isa = XCBuildConfiguration;
			baseConfigurationReference = 913AA09E761608E8A682D5BD /* Pods-ParstagramTests.release.xcconfig */;
			buildSettings = {
				ALWAYS_EMBED_SWIFT_STANDARD_LIBRARIES = YES;
				BUNDLE_LOADER = "$(TEST_HOST)";
				CODE_SIGN_STYLE = Automatic;
				DEVELOPMENT_TEAM = DN7LD68ZY3;
				INFOPLIST_FILE = ParstagramTests/Info.plist;
				IPHONEOS_DEPLOYMENT_TARGET = 14.5;
				LD_RUNPATH_SEARCH_PATHS = (
					"$(inherited)",
					"@executable_path/Frameworks",
					"@loader_path/Frameworks",
				);
				PRODUCT_BUNDLE_IDENTIFIER = chandana.ParstagramTests;
				PRODUCT_NAME = "$(TARGET_NAME)";
				SWIFT_VERSION = 5.0;
				TARGETED_DEVICE_FAMILY = "1,2";
				TEST_HOST = "$(BUILT_PRODUCTS_DIR)/Parstagram.app/Parstagram";
			};
			name = Release;
		};
		EA2D2E41270C325500083EFA /* Debug */ = {
			isa = XCBuildConfiguration;
			baseConfigurationReference = 0A7CE734B2702D79BAC9DFA2 /* Pods-Parstagram-ParstagramUITests.debug.xcconfig */;
			buildSettings = {
				ALWAYS_EMBED_SWIFT_STANDARD_LIBRARIES = YES;
				CODE_SIGN_STYLE = Automatic;
				DEVELOPMENT_TEAM = DN7LD68ZY3;
				INFOPLIST_FILE = ParstagramUITests/Info.plist;
				LD_RUNPATH_SEARCH_PATHS = (
					"$(inherited)",
					"@executable_path/Frameworks",
					"@loader_path/Frameworks",
				);
				PRODUCT_BUNDLE_IDENTIFIER = chandana.ParstagramUITests;
				PRODUCT_NAME = "$(TARGET_NAME)";
				SWIFT_VERSION = 5.0;
				TARGETED_DEVICE_FAMILY = "1,2";
				TEST_TARGET_NAME = Parstagram;
			};
			name = Debug;
		};
		EA2D2E42270C325500083EFA /* Release */ = {
			isa = XCBuildConfiguration;
			baseConfigurationReference = 5FF5A65B8D6181B98B267A4D /* Pods-Parstagram-ParstagramUITests.release.xcconfig */;
			buildSettings = {
				ALWAYS_EMBED_SWIFT_STANDARD_LIBRARIES = YES;
				CODE_SIGN_STYLE = Automatic;
				DEVELOPMENT_TEAM = DN7LD68ZY3;
				INFOPLIST_FILE = ParstagramUITests/Info.plist;
				LD_RUNPATH_SEARCH_PATHS = (
					"$(inherited)",
					"@executable_path/Frameworks",
					"@loader_path/Frameworks",
				);
				PRODUCT_BUNDLE_IDENTIFIER = chandana.ParstagramUITests;
				PRODUCT_NAME = "$(TARGET_NAME)";
				SWIFT_VERSION = 5.0;
				TARGETED_DEVICE_FAMILY = "1,2";
				TEST_TARGET_NAME = Parstagram;
			};
			name = Release;
		};
/* End XCBuildConfiguration section */

/* Begin XCConfigurationList section */
		EA2D2E0B270C325200083EFA /* Build configuration list for PBXProject "Parstagram" */ = {
			isa = XCConfigurationList;
			buildConfigurations = (
				EA2D2E38270C325500083EFA /* Debug */,
				EA2D2E39270C325500083EFA /* Release */,
			);
			defaultConfigurationIsVisible = 0;
			defaultConfigurationName = Release;
		};
		EA2D2E3A270C325500083EFA /* Build configuration list for PBXNativeTarget "Parstagram" */ = {
			isa = XCConfigurationList;
			buildConfigurations = (
				EA2D2E3B270C325500083EFA /* Debug */,
				EA2D2E3C270C325500083EFA /* Release */,
			);
			defaultConfigurationIsVisible = 0;
			defaultConfigurationName = Release;
		};
		EA2D2E3D270C325500083EFA /* Build configuration list for PBXNativeTarget "ParstagramTests" */ = {
			isa = XCConfigurationList;
			buildConfigurations = (
				EA2D2E3E270C325500083EFA /* Debug */,
				EA2D2E3F270C325500083EFA /* Release */,
			);
			defaultConfigurationIsVisible = 0;
			defaultConfigurationName = Release;
		};
		EA2D2E40270C325500083EFA /* Build configuration list for PBXNativeTarget "ParstagramUITests" */ = {
			isa = XCConfigurationList;
			buildConfigurations = (
				EA2D2E41270C325500083EFA /* Debug */,
				EA2D2E42270C325500083EFA /* Release */,
			);
			defaultConfigurationIsVisible = 0;
			defaultConfigurationName = Release;
		};
/* End XCConfigurationList section */
	};
	rootObject = EA2D2E08270C325200083EFA /* Project object */;
}
